
Microsoft Visual Studio Solution File, Format Version 12.00
# Visual Studio Version 17
VisualStudioVersion = 17.11.35327.3
MinimumVisualStudioVersion = 10.0.40219.1
Project("{FAE04EC0-301F-11D3-BF4B-00C04F79EFBC}") = "HotelsWebAPI", "HotelsWebAPI\HotelsWebAPI.csproj", "{395243D7-296A-491E-B1A0-E51FBC889103}"
EndProject
Global
	GlobalSection(SolutionConfigurationPlatforms) = preSolution
		Debug|Any CPU = Debug|Any CPU
		Release|Any CPU = Release|Any CPU
	EndGlobalSection
	GlobalSection(ProjectConfigurationPlatforms) = postSolution
		{395243D7-296A-491E-B1A0-E51FBC889103}.Debug|Any CPU.ActiveCfg = Debug|Any CPU
		{395243D7-296A-491E-B1A0-E51FBC889103}.Debug|Any CPU.Build.0 = Debug|Any CPU
		{395243D7-296A-491E-B1A0-E51FBC889103}.Release|Any CPU.ActiveCfg = Release|Any CPU
		{395243D7-296A-491E-B1A0-E51FBC889103}.Release|Any CPU.Build.0 = Release|Any CPU
	EndGlobalSection
	GlobalSection(SolutionProperties) = preSolution
		HideSolutionNode = FALSE
	EndGlobalSection
	GlobalSection(ExtensibilityGlobals) = postSolution
		SolutionGuid = {14D6619A-5790-4EA9-90DB-8F71E325F248}
	EndGlobalSection
EndGlobal
